
Microsoft Visual Studio Solution File, Format Version 12.00
# Visual Studio Version 16
VisualStudioVersion = 16.0.31624.102
MinimumVisualStudioVersion = 10.0.40219.1
Project("{9A19103F-16F7-4668-BE54-9A1E7A4F7556}") = "Ajuna.ServiceLayer", "Ajuna.ServiceLayer.csproj", "{193C9737-E3D7-4FAA-BF8E-52932C32CDB0}"
EndProject
Global
	GlobalSection(SolutionConfigurationPlatforms) = preSolution
		Debug|Any CPU = Debug|Any CPU
		Release|Any CPU = Release|Any CPU
	EndGlobalSection
	GlobalSection(ProjectConfigurationPlatforms) = postSolution
		{193C9737-E3D7-4FAA-BF8E-52932C32CDB0}.Debug|Any CPU.ActiveCfg = Debug|Any CPU
		{193C9737-E3D7-4FAA-BF8E-52932C32CDB0}.Debug|Any CPU.Build.0 = Debug|Any CPU
		{193C9737-E3D7-4FAA-BF8E-52932C32CDB0}.Release|Any CPU.ActiveCfg = Release|Any CPU
		{193C9737-E3D7-4FAA-BF8E-52932C32CDB0}.Release|Any CPU.Build.0 = Release|Any CPU
	EndGlobalSection
	GlobalSection(SolutionProperties) = preSolution
		HideSolutionNode = FALSE
	EndGlobalSection
	GlobalSection(ExtensibilityGlobals) = postSolution
		SolutionGuid = {0B9270FD-C90C-4C04-91E7-9F0D626D5993}
	EndGlobalSection
EndGlobal
